
Microsoft Visual Studio Solution File, Format Version 12.00
# Visual Studio Version 17
VisualStudioVersion = 17.4.33213.308
MinimumVisualStudioVersion = 10.0.40219.1
Project("{9A19103F-16F7-4668-BE54-9A1E7A4F7556}") = "OzoneTechAlgorithm", "OzoneTech\OzoneTechAlgorithm.csproj", "{73B78104-92AD-4308-8631-2DB8E84E4EB6}"
EndProject
Global
	GlobalSection(SolutionConfigurationPlatforms) = preSolution
		Debug|Any CPU = Debug|Any CPU
		Release|Any CPU = Release|Any CPU
	EndGlobalSection
	GlobalSection(ProjectConfigurationPlatforms) = postSolution
		{73B78104-92AD-4308-8631-2DB8E84E4EB6}.Debug|Any CPU.ActiveCfg = Debug|Any CPU
		{73B78104-92AD-4308-8631-2DB8E84E4EB6}.Debug|Any CPU.Build.0 = Debug|Any CPU
		{73B78104-92AD-4308-8631-2DB8E84E4EB6}.Release|Any CPU.ActiveCfg = Release|Any CPU
		{73B78104-92AD-4308-8631-2DB8E84E4EB6}.Release|Any CPU.Build.0 = Release|Any CPU
	EndGlobalSection
	GlobalSection(SolutionProperties) = preSolution
		HideSolutionNode = FALSE
	EndGlobalSection
	GlobalSection(ExtensibilityGlobals) = postSolution
		SolutionGuid = {3485A55F-5932-448A-8519-F7D04FD48BFC}
	EndGlobalSection
EndGlobal
